{
  "name": "@victronenergy/node-red-contrib-victron",
  "version": "1.4.33",
  "lockfileVersion": 3,
  "requires": true,
  "packages": {
    "": {
      "name": "@victronenergy/node-red-contrib-victron",
      "version": "1.4.33",
      "license": "MIT",
      "dependencies": {
        "dbus-native": "^0.4.0",
        "debug": "^4.3.4",
        "lodash": "^4.17.21",
        "promise-retry": "^2.0.1"
      },
      "devDependencies": {
        "@babel/eslint-parser": "^7.22.7",
        "@signalk/github-create-release": "^1.2.1",
        "csv-parse": "^5.4.0",
        "eslint": "^8.44.0",
        "eslint-config-google": "^0.14.0",
        "gar": "^1.0.4"
      },
      "engines": {
        "node": ">=14.17.4"
      }
    },
    "node_modules/abstract-socket": {
      "version": "2.1.1",
      "license": "MIT",
      "optional": true,
      "os": [
        "linux"
      ],
      "dependencies": {
        "bindings": "^1.2.1",
        "nan": "^2.12.1"
      },
      "engines": {
        "node": ">=4.0.0"
      }
    },
    "node_modules/bindings": {
      "version": "1.5.0",
      "license": "MIT",
      "optional": true,
      "dependencies": {
        "file-uri-to-path": "1.0.0"
      }
    },
    "node_modules/dbus-native": {
      "version": "0.4.0",
      "license": "MIT",
      "dependencies": {
        "event-stream": "^4.0.0",
        "hexy": "^0.2.10",
        "long": "^4.0.0",
        "optimist": "^0.6.1",
        "put": "0.0.6",
        "safe-buffer": "^5.1.1",
        "xml2js": "^0.4.17"
      },
      "bin": {
        "dbus2js": "bin/dbus2js.js"
      },
      "optionalDependencies": {
        "abstract-socket": "^2.0.0"
      }
    },
    "node_modules/debug": {
      "version": "4.3.4",
      "license": "MIT",
      "dependencies": {
        "ms": "2.1.2"
      },
      "engines": {
        "node": ">=6.0"
      },
      "peerDependenciesMeta": {
        "supports-color": {
          "optional": true
        }
      }
    },
    "node_modules/duplexer": {
      "version": "0.1.2",
      "license": "MIT"
    },
    "node_modules/err-code": {
      "version": "2.0.3",
      "license": "MIT"
    },
    "node_modules/event-stream": {
      "version": "4.0.1",
      "license": "MIT",
      "dependencies": {
        "duplexer": "^0.1.1",
        "from": "^0.1.7",
        "map-stream": "0.0.7",
        "pause-stream": "^0.0.11",
        "split": "^1.0.1",
        "stream-combiner": "^0.2.2",
        "through": "^2.3.8"
      }
    },
    "node_modules/file-uri-to-path": {
      "version": "1.0.0",
      "license": "MIT",
      "optional": true
    },
    "node_modules/from": {
      "version": "0.1.7",
      "license": "MIT"
    },
    "node_modules/hexy": {
      "version": "0.2.11",
      "license": "MIT",
      "bin": {
        "hexy": "bin/hexy_cmd.js"
      }
    },
    "node_modules/lodash": {
      "version": "4.17.21",
      "license": "MIT"
    },
    "node_modules/long": {
      "version": "4.0.0",
      "license": "Apache-2.0"
    },
    "node_modules/map-stream": {
      "version": "0.0.7",
      "license": "MIT"
    },
    "node_modules/minimist": {
      "version": "0.0.10",
      "license": "MIT"
    },
    "node_modules/ms": {
      "version": "2.1.2",
      "license": "MIT"
    },
    "node_modules/nan": {
      "version": "2.17.0",
      "license": "MIT",
      "optional": true
    },
    "node_modules/optimist": {
      "version": "0.6.1",
      "license": "MIT/X11",
      "dependencies": {
        "minimist": "~0.0.1",
        "wordwrap": "~0.0.2"
      }
    },
    "node_modules/pause-stream": {
      "version": "0.0.11",
      "license": [
        "MIT",
        "Apache2"
      ],
      "dependencies": {
        "through": "~2.3"
      }
    },
    "node_modules/promise-retry": {
      "version": "2.0.1",
      "license": "MIT",
      "dependencies": {
        "err-code": "^2.0.2",
        "retry": "^0.12.0"
      },
      "engines": {
        "node": ">=10"
      }
    },
    "node_modules/put": {
      "version": "0.0.6",
      "license": "MIT/X11",
      "engines": {
        "node": ">=0.3.0"
      }
    },
    "node_modules/retry": {
      "version": "0.12.0",
      "license": "MIT",
      "engines": {
        "node": ">= 4"
      }
    },
    "node_modules/safe-buffer": {
      "version": "5.2.1",
      "funding": [
        {
          "type": "github",
          "url": "https://github.com/sponsors/feross"
        },
        {
          "type": "patreon",
          "url": "https://www.patreon.com/feross"
        },
        {
          "type": "consulting",
          "url": "https://feross.org/support"
        }
      ],
      "license": "MIT"
    },
    "node_modules/sax": {
      "version": "1.2.4",
      "license": "ISC"
    },
    "node_modules/split": {
      "version": "1.0.1",
      "license": "MIT",
      "dependencies": {
        "through": "2"
      },
      "engines": {
        "node": "*"
      }
    },
    "node_modules/stream-combiner": {
      "version": "0.2.2",
      "license": "MIT",
      "dependencies": {
        "duplexer": "~0.1.1",
        "through": "~2.3.4"
      }
    },
    "node_modules/through": {
      "version": "2.3.8",
      "license": "MIT"
    },
    "node_modules/wordwrap": {
      "version": "0.0.3",
      "license": "MIT",
      "engines": {
        "node": ">=0.4.0"
      }
    },
    "node_modules/xml2js": {
      "version": "0.4.23",
      "license": "MIT",
      "dependencies": {
        "sax": ">=0.6.0",
        "xmlbuilder": "~11.0.0"
      },
      "engines": {
        "node": ">=4.0.0"
      }
    },
    "node_modules/xmlbuilder": {
      "version": "11.0.1",
      "license": "MIT",
      "engines": {
        "node": ">=4.0"
      }
    }
  }
}
